
Microsoft Visual Studio Solution File, Format Version 12.00
Project("{FAE04EC0-301F-11D3-BF4B-00C04F79EFBC}") = "AspireHosting", "AspireHosting\AspireHosting.csproj", "{C831B0A2-7252-4478-8FF6-01F641D064C7}"
EndProject
Global
	GlobalSection(SolutionConfigurationPlatforms) = preSolution
		Debug|Any CPU = Debug|Any CPU
		Release|Any CPU = Release|Any CPU
	EndGlobalSection
	GlobalSection(ProjectConfigurationPlatforms) = postSolution
		{C831B0A2-7252-4478-8FF6-01F641D064C7}.Debug|Any CPU.ActiveCfg = Debug|Any CPU
		{C831B0A2-7252-4478-8FF6-01F641D064C7}.Debug|Any CPU.Build.0 = Debug|Any CPU
		{C831B0A2-7252-4478-8FF6-01F641D064C7}.Release|Any CPU.ActiveCfg = Release|Any CPU
		{C831B0A2-7252-4478-8FF6-01F641D064C7}.Release|Any CPU.Build.0 = Release|Any CPU
	EndGlobalSection
EndGlobal
