<Solution>
  <Folder Name="/common/">
    <Project Path="../common/CC.Common/CC.Common.csproj" />
    <Project Path="../common/CC.Analyzer/CC.Analyzer/CC.Analyzer.csproj" />
  </Folder>
  <Folder Name="/Solution Items/" />
  <Folder Name="/src/">
    <Project Path="src/CC.HandbookService/CC.HandbookService.csproj" />
  </Folder>
</Solution>
