<Solution>
  <Folder Name="/common/">
    <Project Path="../common/CC.Common/CC.Common.csproj" />
    <Project Path="../common/CC.Shared.Domain/CC.Shared.Domain.csproj" />
    <Project Path="CC.Analyzer/CC.Analyzer.Tests/CC.Analyzer.Tests.csproj" />
    <Project Path="CC.Analyzer/CC.Analyzer/CC.Analyzer.csproj" />
  </Folder>
  <Folder Name="/src/">
    <Project Path="src/CC.AppointmentService/CC.AppointmentService.csproj" />
  </Folder>
  <Folder Name="/tests/">
    <Project Path="CC.AppointmentTests/CC.AppointmentTests.csproj" />
  </Folder>
</Solution>
